
Microsoft Visual Studio Solution File, Format Version 12.00
# Visual Studio Version 17
VisualStudioVersion = 17.0.31919.166
MinimumVisualStudioVersion = 10.0.40219.1
Project("{9A19103F-16F7-4668-BE54-9A1E7A4F7556}") = "DjvuSharp", "DjvuSharp\DjvuSharp.csproj", "{DD16A74A-4E4C-41E0-B6D8-50B4C2DA3EAE}"
EndProject
Project("{9A19103F-16F7-4668-BE54-9A1E7A4F7556}") = "DjvuSharp.Tests", "DjvuSharp.Tests\DjvuSharp.Tests.csproj", "{243099A0-1D44-4229-8356-F67A466A4577}"
EndProject
Global
	GlobalSection(SolutionConfigurationPlatforms) = preSolution
		Debug|Any CPU = Debug|Any CPU
		Debug|x64 = Debug|x64
		Release|Any CPU = Release|Any CPU
		Release|x64 = Release|x64
	EndGlobalSection
	GlobalSection(ProjectConfigurationPlatforms) = postSolution
		{DD16A74A-4E4C-41E0-B6D8-50B4C2DA3EAE}.Debug|Any CPU.ActiveCfg = Debug|Any CPU
		{DD16A74A-4E4C-41E0-B6D8-50B4C2DA3EAE}.Debug|Any CPU.Build.0 = Debug|Any CPU
		{DD16A74A-4E4C-41E0-B6D8-50B4C2DA3EAE}.Debug|x64.ActiveCfg = Debug|x64
		{DD16A74A-4E4C-41E0-B6D8-50B4C2DA3EAE}.Debug|x64.Build.0 = Debug|x64
		{DD16A74A-4E4C-41E0-B6D8-50B4C2DA3EAE}.Release|Any CPU.ActiveCfg = Release|Any CPU
		{DD16A74A-4E4C-41E0-B6D8-50B4C2DA3EAE}.Release|Any CPU.Build.0 = Release|Any CPU
		{DD16A74A-4E4C-41E0-B6D8-50B4C2DA3EAE}.Release|x64.ActiveCfg = Release|x64
		{DD16A74A-4E4C-41E0-B6D8-50B4C2DA3EAE}.Release|x64.Build.0 = Release|x64
		{243099A0-1D44-4229-8356-F67A466A4577}.Debug|Any CPU.ActiveCfg = Debug|Any CPU
		{243099A0-1D44-4229-8356-F67A466A4577}.Debug|Any CPU.Build.0 = Debug|Any CPU
		{243099A0-1D44-4229-8356-F67A466A4577}.Debug|x64.ActiveCfg = Debug|x64
		{243099A0-1D44-4229-8356-F67A466A4577}.Debug|x64.Build.0 = Debug|x64
		{243099A0-1D44-4229-8356-F67A466A4577}.Release|Any CPU.ActiveCfg = Release|Any CPU
		{243099A0-1D44-4229-8356-F67A466A4577}.Release|Any CPU.Build.0 = Release|Any CPU
		{243099A0-1D44-4229-8356-F67A466A4577}.Release|x64.ActiveCfg = Release|x64
		{243099A0-1D44-4229-8356-F67A466A4577}.Release|x64.Build.0 = Release|x64
	EndGlobalSection
	GlobalSection(SolutionProperties) = preSolution
		HideSolutionNode = FALSE
	EndGlobalSection
	GlobalSection(ExtensibilityGlobals) = postSolution
		SolutionGuid = {A6980D47-542A-4607-9E7A-B8C4DF54DCA0}
	EndGlobalSection
EndGlobal
